
Microsoft Visual Studio Solution File, Format Version 12.00
# Visual Studio Version 17
VisualStudioVersion = 17.14.36623.8 d17.14
MinimumVisualStudioVersion = 10.0.40219.1
Project("{8BC9CEB8-8B4A-11D0-8D11-00A0C91BC942}") = "28-11", "28-11\28-11.vcxproj", "{3D60B974-30F0-4726-A3A6-EA0F70FCCBC9}"
EndProject
Global
	GlobalSection(SolutionConfigurationPlatforms) = preSolution
		Debug|x64 = Debug|x64
		Debug|x86 = Debug|x86
		Release|x64 = Release|x64
		Release|x86 = Release|x86
	EndGlobalSection
	GlobalSection(ProjectConfigurationPlatforms) = postSolution
		{3D60B974-30F0-4726-A3A6-EA0F70FCCBC9}.Debug|x64.ActiveCfg = Debug|x64
		{3D60B974-30F0-4726-A3A6-EA0F70FCCBC9}.Debug|x64.Build.0 = Debug|x64
		{3D60B974-30F0-4726-A3A6-EA0F70FCCBC9}.Debug|x86.ActiveCfg = Debug|Win32
		{3D60B974-30F0-4726-A3A6-EA0F70FCCBC9}.Debug|x86.Build.0 = Debug|Win32
		{3D60B974-30F0-4726-A3A6-EA0F70FCCBC9}.Release|x64.ActiveCfg = Release|x64
		{3D60B974-30F0-4726-A3A6-EA0F70FCCBC9}.Release|x64.Build.0 = Release|x64
		{3D60B974-30F0-4726-A3A6-EA0F70FCCBC9}.Release|x86.ActiveCfg = Release|Win32
		{3D60B974-30F0-4726-A3A6-EA0F70FCCBC9}.Release|x86.Build.0 = Release|Win32
	EndGlobalSection
	GlobalSection(SolutionProperties) = preSolution
		HideSolutionNode = FALSE
	EndGlobalSection
	GlobalSection(ExtensibilityGlobals) = postSolution
		SolutionGuid = {B878BA49-66C5-48D2-9C21-3EB6489369CA}
	EndGlobalSection
EndGlobal
